
Microsoft Visual Studio Solution File, Format Version 12.00
# Visual Studio Version 17
VisualStudioVersion = 17.14.36811.4 d17.14
MinimumVisualStudioVersion = 10.0.40219.1
Project("{FAE04EC0-301F-11D3-BF4B-00C04F79EFBC}") = "App", "App\App.csproj", "{4DC09ED6-4705-4D84-9716-0808552C104F}"
EndProject
Global
	GlobalSection(SolutionConfigurationPlatforms) = preSolution
		Debug|Any CPU = Debug|Any CPU
		Release|Any CPU = Release|Any CPU
	EndGlobalSection
	GlobalSection(ProjectConfigurationPlatforms) = postSolution
		{4DC09ED6-4705-4D84-9716-0808552C104F}.Debug|Any CPU.ActiveCfg = Debug|Any CPU
		{4DC09ED6-4705-4D84-9716-0808552C104F}.Debug|Any CPU.Build.0 = Debug|Any CPU
		{4DC09ED6-4705-4D84-9716-0808552C104F}.Release|Any CPU.ActiveCfg = Release|Any CPU
		{4DC09ED6-4705-4D84-9716-0808552C104F}.Release|Any CPU.Build.0 = Release|Any CPU
	EndGlobalSection
	GlobalSection(SolutionProperties) = preSolution
		HideSolutionNode = FALSE
	EndGlobalSection
	GlobalSection(ExtensibilityGlobals) = postSolution
		SolutionGuid = {28ACFFA3-A11D-483C-B654-73CFDB11E467}
	EndGlobalSection
EndGlobal
